
Microsoft Visual Studio Solution File, Format Version 12.00
# Visual Studio 2012
Project("{8BC9CEB8-8B4A-11D0-8D11-00A0C91BC942}") = "Circuit_Analysis", "Circuit_Analysis.vcxproj", "{C37F6B5E-CB41-4058-A4C5-61379DD73066}"
EndProject
Global
	GlobalSection(SolutionConfigurationPlatforms) = preSolution
		Debug|Win32 = Debug|Win32
		Release|Win32 = Release|Win32
	EndGlobalSection
	GlobalSection(ProjectConfigurationPlatforms) = postSolution
		{C37F6B5E-CB41-4058-A4C5-61379DD73066}.Debug|Win32.ActiveCfg = Debug|Win32
		{C37F6B5E-CB41-4058-A4C5-61379DD73066}.Debug|Win32.Build.0 = Debug|Win32
		{C37F6B5E-CB41-4058-A4C5-61379DD73066}.Release|Win32.ActiveCfg = Release|Win32
		{C37F6B5E-CB41-4058-A4C5-61379DD73066}.Release|Win32.Build.0 = Release|Win32
	EndGlobalSection
	GlobalSection(SolutionProperties) = preSolution
		HideSolutionNode = FALSE
	EndGlobalSection
EndGlobal
